
Microsoft Visual Studio Solution File, Format Version 12.00
# Visual Studio Version 17
VisualStudioVersion = 17.9.34622.214
MinimumVisualStudioVersion = 10.0.40219.1
Project("{9A19103F-16F7-4668-BE54-9A1E7A4F7556}") = "Rainfall.API", "Rainfall.API\Rainfall.API.csproj", "{27415887-3E94-4631-B396-46FA92D2B31A}"
EndProject
Project("{9A19103F-16F7-4668-BE54-9A1E7A4F7556}") = "Rainfall.App", "Rainfall.App\Rainfall.App.csproj", "{A2228276-4FA1-47B4-94D4-B7380247C727}"
EndProject
Project("{FAE04EC0-301F-11D3-BF4B-00C04F79EFBC}") = "Rainfall.Tests", "Rainfall.Tests\Rainfall.Tests.csproj", "{EEBF694B-7087-4464-804D-E56CCFF77D4A}"
EndProject
Global
	GlobalSection(SolutionConfigurationPlatforms) = preSolution
		Debug|Any CPU = Debug|Any CPU
		Release|Any CPU = Release|Any CPU
	EndGlobalSection
	GlobalSection(ProjectConfigurationPlatforms) = postSolution
		{27415887-3E94-4631-B396-46FA92D2B31A}.Debug|Any CPU.ActiveCfg = Debug|Any CPU
		{27415887-3E94-4631-B396-46FA92D2B31A}.Debug|Any CPU.Build.0 = Debug|Any CPU
		{27415887-3E94-4631-B396-46FA92D2B31A}.Release|Any CPU.ActiveCfg = Release|Any CPU
		{27415887-3E94-4631-B396-46FA92D2B31A}.Release|Any CPU.Build.0 = Release|Any CPU
		{A2228276-4FA1-47B4-94D4-B7380247C727}.Debug|Any CPU.ActiveCfg = Debug|Any CPU
		{A2228276-4FA1-47B4-94D4-B7380247C727}.Debug|Any CPU.Build.0 = Debug|Any CPU
		{A2228276-4FA1-47B4-94D4-B7380247C727}.Release|Any CPU.ActiveCfg = Release|Any CPU
		{A2228276-4FA1-47B4-94D4-B7380247C727}.Release|Any CPU.Build.0 = Release|Any CPU
		{EEBF694B-7087-4464-804D-E56CCFF77D4A}.Debug|Any CPU.ActiveCfg = Debug|Any CPU
		{EEBF694B-7087-4464-804D-E56CCFF77D4A}.Debug|Any CPU.Build.0 = Debug|Any CPU
		{EEBF694B-7087-4464-804D-E56CCFF77D4A}.Release|Any CPU.ActiveCfg = Release|Any CPU
		{EEBF694B-7087-4464-804D-E56CCFF77D4A}.Release|Any CPU.Build.0 = Release|Any CPU
	EndGlobalSection
	GlobalSection(SolutionProperties) = preSolution
		HideSolutionNode = FALSE
	EndGlobalSection
	GlobalSection(ExtensibilityGlobals) = postSolution
		SolutionGuid = {DF0D92D1-1957-49BA-864A-E472A693F27D}
	EndGlobalSection
EndGlobal
